{
  "version": 4,
  "terraform_version": "0.12.3",
  "serial": 339,
  "lineage": "8cf91df2-b3d7-2b87-3cb9-6e8f06e359f2",
  "outputs": {},
  "resources": [
    {
      "mode": "managed",
      "type": "google_container_cluster",
      "name": "ci_cluster",
      "provider": "provider.google",
      "instances": [
        {
          "schema_version": 1,
          "attributes": {
            "additional_zones": [],
            "addons_config": [
              {
                "horizontal_pod_autoscaling": [],
                "http_load_balancing": [],
                "kubernetes_dashboard": [
                  {
                    "disabled": true
                  }
                ],
                "network_policy_config": [
                  {
                    "disabled": true
                  }
                ]
              }
            ],
            "cluster_autoscaling": [],
            "cluster_ipv4_cidr": "10.24.0.0/14",
            "description": "",
            "enable_binary_authorization": null,
            "enable_intranode_visibility": null,
            "enable_kubernetes_alpha": false,
            "enable_legacy_abac": false,
            "enable_tpu": null,
            "endpoint": "35.247.101.91",
            "id": "open-match-ci",
            "initial_node_count": 0,
            "instance_group_urls": [
              "https://www.googleapis.com/compute/v1/projects/open-match-build/zones/us-west1-a/instanceGroups/gke-open-match-ci-default-pool-bd842ebd-grp"
            ],
            "ip_allocation_policy": [
              {
                "cluster_ipv4_cidr_block": "10.24.0.0/14",
                "cluster_secondary_range_name": "gke-open-match-ci-pods-a4e8824d",
                "create_subnetwork": false,
                "node_ipv4_cidr_block": "10.138.0.0/20",
                "services_ipv4_cidr_block": "10.91.0.0/20",
                "services_secondary_range_name": "gke-open-match-ci-services-a4e8824d",
                "subnetwork_name": "",
                "use_ip_aliases": true
              }
            ],
            "location": "us-west1-a",
            "logging_service": "logging.googleapis.com",
            "maintenance_policy": [],
            "master_auth": [
              {
                "client_certificate": "",
                "client_certificate_config": [
                  {
                    "issue_client_certificate": false
                  }
                ],
                "client_key": "",
                "cluster_ca_certificate": "LS0tLS1CRUdJTiBDRVJUSUZJQ0FURS0tLS0tCk1JSURERENDQWZTZ0F3SUJBZ0lSQUxhVWIzNDV2aG5aL0QxLzl6cFQyc1F3RFFZSktvWklodmNOQVFFTEJRQXcKTHpFdE1Dc0dBMVVFQXhNa01tTmhOV1ZoTkRjdE5qTTVNQzAwWlRKa0xUazJOVEV0TldFMU9EY3hNalZoTjJNNQpNQjRYRFRFNU1EY3lOVEUxTlRVMU5Wb1hEVEkwTURjeU16RTJOVFUxTlZvd0x6RXRNQ3NHQTFVRUF4TWtNbU5oCk5XVmhORGN0TmpNNU1DMDBaVEprTFRrMk5URXROV0UxT0RjeE1qVmhOMk01TUlJQklqQU5CZ2txaGtpRzl3MEIKQVFFRkFBT0NBUThBTUlJQkNnS0NBUUVBcWh6aHFOUzZlVU8rYjVLZitxQmVHRXZodldFaThXRkJpQWZhZWIvZAppSW13U29nZnB4aXhMR0pMR1F5bE1qQkhDOURVbjBFYmFUYTBJSUdNZUhreFZQNm5RaCsyNHhaYmd0bHZMcXlJCisvMDRCbytOQnVocThxT090QkpWNmFlZHhxRjAyaGY0dFZ5Sy9qdy9PaW1sTURNMWdINXkyWVJzMTN6Q2c3OFkKcVhYQmltVElWOUt5L0kxNHhuaHN4bGwzMHR3b0NPQWJTK1IxSXZrdVJDZXE0blRVSVdKN08xeHo5d2pJdVI2UApaMUhxS0ZqS3FFbXFwNkVFT0wrZE02WmswMEhqZE0xWDRORUkrOXIveVdGUjkrcWgrbXY3OEhOVEg1L2Voa2tYCnhUMTZKTHhKczNvNEM0THpRNmRWcEJIV2V0dGQzdjRUUmxzWlFMZDY5d3lJcFFJREFRQUJveU13SVRBT0JnTlYKSFE4QkFmOEVCQU1DQWdRd0R3WURWUjBUQVFIL0JBVXdBd0VCL3pBTkJna3Foa2lHOXcwQkFRc0ZBQU9DQVFFQQpjeUJGZG1MTXhPNmxkcUVzN3Nxd2JQT2RoVXNnS2JtS0owL3ZuV01PeVNSRXoyODRadldjNWs5b1VGZmlrMDQ1CmZVbHQvbWJQdDhlZWkrMkRBd1pOQWlmVERNQVRvS05URmxuSjFKU0l2VDg5MkVSNjBUL1NWQ3FJbytlM3BYVWkKOHY3alZTbVRwWUQ0TS9XRmUrUXBjbWRGV1dValNuKzRFWjE4Y2RsYnNmdHhSelFvOFdacHIxNTRwT2lQN0E2TwpZNzcyc3JwdWswakVUYXJxWlk3cDlodkVJcUc0MTlMbDFoYWlka2g2b2pJUEE0RlJ0N2dsMGJHQnZEMzh3Nk54Cjh0NTlDc3ZwYXRZZzlhUjZ0eXRxM3dld01yV0V5ZThrZUdwU282bDJVNWppaW03eGxrQ0E1MCthOHBRSlBQeU4Kd1BPK21jT2N0RXp2OVJtSHpaSE1HUT09Ci0tLS0tRU5EIENFUlRJRklDQVRFLS0tLS0K",
                "password": "",
                "username": ""
              }
            ],
            "master_authorized_networks_config": [],
            "master_version": "1.13.6-gke.13",
            "min_master_version": null,
            "monitoring_service": "monitoring.googleapis.com",
            "name": "open-match-ci",
            "network": "projects/open-match-build/global/networks/default",
            "network_policy": [
              {
                "enabled": false,
                "provider": "PROVIDER_UNSPECIFIED"
              }
            ],
            "node_config": [
              {
                "disk_size_gb": 50,
                "disk_type": "pd-standard",
                "guest_accelerator": [],
                "image_type": "COS_CONTAINERD",
                "labels": {},
                "local_ssd_count": 0,
                "machine_type": "n1-standard-4",
                "metadata": {
                  "disable-legacy-endpoints": "true"
                },
                "min_cpu_platform": "",
                "oauth_scopes": [
                  "https://www.googleapis.com/auth/devstorage.read_only",
                  "https://www.googleapis.com/auth/logging.write",
                  "https://www.googleapis.com/auth/monitoring",
                  "https://www.googleapis.com/auth/service.management.readonly",
                  "https://www.googleapis.com/auth/servicecontrol",
                  "https://www.googleapis.com/auth/trace.append"
                ],
                "preemptible": false,
                "sandbox_config": [],
                "service_account": "default",
                "tags": [
                  "open-match"
                ],
                "taint": [],
                "workload_metadata_config": []
              }
            ],
            "node_locations": [],
            "node_pool": [
              {
                "autoscaling": [
                  {
                    "max_node_count": 10,
                    "min_node_count": 1
                  }
                ],
                "initial_node_count": 2,
                "instance_group_urls": [
                  "https://www.googleapis.com/compute/v1/projects/open-match-build/zones/us-west1-a/instanceGroupManagers/gke-open-match-ci-default-pool-bd842ebd-grp"
                ],
                "management": [
                  {
                    "auto_repair": false,
                    "auto_upgrade": true
                  }
                ],
                "max_pods_per_node": 0,
                "name": "default-pool",
                "name_prefix": "",
                "node_config": [
                  {
                    "disk_size_gb": 50,
                    "disk_type": "pd-standard",
                    "guest_accelerator": [],
                    "image_type": "COS_CONTAINERD",
                    "labels": {},
                    "local_ssd_count": 0,
                    "machine_type": "n1-standard-4",
                    "metadata": {
                      "disable-legacy-endpoints": "true"
                    },
                    "min_cpu_platform": "",
                    "oauth_scopes": [
                      "https://www.googleapis.com/auth/devstorage.read_only",
                      "https://www.googleapis.com/auth/logging.write",
                      "https://www.googleapis.com/auth/monitoring",
                      "https://www.googleapis.com/auth/service.management.readonly",
                      "https://www.googleapis.com/auth/servicecontrol",
                      "https://www.googleapis.com/auth/trace.append"
                    ],
                    "preemptible": false,
                    "sandbox_config": [],
                    "service_account": "default",
                    "tags": [
                      "open-match"
                    ],
                    "taint": [],
                    "workload_metadata_config": []
                  }
                ],
                "node_count": 1,
                "version": "1.13.6-gke.13"
              }
            ],
            "node_version": "1.13.6-gke.13",
            "pod_security_policy_config": null,
            "private_cluster_config": [],
            "project": "open-match-build",
            "region": null,
            "remove_default_node_pool": null,
            "resource_labels": {},
            "services_ipv4_cidr": "10.91.0.0/20",
            "subnetwork": "projects/open-match-build/regions/us-west1/subnetworks/default",
            "timeouts": {
              "create": null,
              "delete": null,
              "update": null
            },
            "zone": "us-west1-a"
          },
          "private": "eyJlMmJmYjczMC1lY2FhLTExZTYtOGY4OC0zNDM2M2JjN2M0YzAiOnsiY3JlYXRlIjoxODAwMDAwMDAwMDAwLCJkZWxldGUiOjE4MDAwMDAwMDAwMDAsInVwZGF0ZSI6MzYwMDAwMDAwMDAwMH0sInNjaGVtYV92ZXJzaW9uIjoiMSJ9"
        }
      ]
    },
    {
      "mode": "managed",
      "type": "google_project_iam_binding",
      "name": "reaper_role_binding",
      "provider": "provider.google",
      "instances": [
        {
          "schema_version": 0,
          "attributes": {
            "etag": "BwWPK+NmzIk=",
            "id": "open-match-build/projects/open-match-build/roles/continuousintegration.reaper",
            "members": [
              "serviceAccount:reaper@open-match-build.iam.gserviceaccount.com"
            ],
            "project": "open-match-build",
            "role": "projects/open-match-build/roles/continuousintegration.reaper"
          },
          "private": "bnVsbA==",
          "depends_on": [
            "google_project_iam_custom_role.reaper_role",
            "google_service_account.reaper",
            "null_resource.after_service_account_creation"
          ]
        }
      ]
    },
    {
      "mode": "managed",
      "type": "google_project_iam_binding",
      "name": "reaper_role_binding_for_cloud_run_invoker",
      "provider": "provider.google-beta",
      "instances": [
        {
          "schema_version": 0,
          "attributes": {
            "etag": "BwWPK+NmzIk=",
            "id": "open-match-build/roles/run.invoker",
            "members": [
              "serviceAccount:reaper@open-match-build.iam.gserviceaccount.com"
            ],
            "project": "open-match-build",
            "role": "roles/run.invoker"
          },
          "private": "bnVsbA==",
          "depends_on": [
            "google_project_iam_custom_role.reaper_role",
            "google_service_account.reaper",
            "null_resource.after_service_account_creation"
          ]
        }
      ]
    },
    {
      "mode": "managed",
      "type": "google_project_iam_binding",
      "name": "stress_test_uploader_iam",
      "provider": "provider.google",
      "instances": [
        {
          "schema_version": 0,
          "attributes": {
            "etag": "BwWPK+NmzIk=",
            "id": "open-match-build/projects/open-match-build/roles/continuousintegration.stresstest",
            "members": [
              "serviceAccount:stress-test-uploader@open-match-build.iam.gserviceaccount.com"
            ],
            "project": "open-match-build",
            "role": "projects/open-match-build/roles/continuousintegration.stresstest"
          },
          "private": "bnVsbA==",
          "depends_on": [
            "google_project_iam_custom_role.stress_test_uploader_role",
            "google_service_account.stress_test_uploader",
            "null_resource.after_service_account_creation"
          ]
        }
      ]
    },
    {
      "mode": "managed",
      "type": "google_project_iam_custom_role",
      "name": "reaper_role",
      "provider": "provider.google-beta",
      "instances": [
        {
          "schema_version": 0,
          "attributes": {
            "deleted": false,
            "description": "Role to authorize the reaper to delete namespaces in a GKE cluster and invoke itself through Cloud Scheduler.",
            "id": "projects/open-match-build/roles/continuousintegration.reaper",
            "permissions": [
              "container.clusters.get",
              "container.namespaces.delete",
              "container.namespaces.get",
              "container.namespaces.getStatus",
              "container.namespaces.list",
              "container.operations.get",
              "resourcemanager.projects.get"
            ],
            "project": "open-match-build",
            "role_id": "continuousintegration.reaper",
            "stage": "BETA",
            "title": "Open Match CI Reaper"
          },
          "private": "bnVsbA=="
        }
      ]
    },
    {
      "mode": "managed",
      "type": "google_project_iam_custom_role",
      "name": "stress_test_uploader_role",
      "provider": "provider.google-beta",
      "instances": [
        {
          "schema_version": 0,
          "attributes": {
            "deleted": false,
            "description": "Role to authorize the uploader to write to the specified GCS bucket.",
            "id": "projects/open-match-build/roles/continuousintegration.stresstest",
            "permissions": [
              "resourcemanager.projects.get",
              "storage.buckets.create",
              "storage.buckets.get",
              "storage.buckets.list",
              "storage.objects.create",
              "storage.objects.get",
              "storage.objects.list"
            ],
            "project": "open-match-build",
            "role_id": "continuousintegration.stresstest",
            "stage": "BETA",
            "title": "Open Match CI Stress Test Uploader"
          },
          "private": "bnVsbA=="
        }
      ]
    },
    {
      "mode": "managed",
      "type": "google_service_account",
      "name": "reaper",
      "provider": "provider.google",
      "instances": [
        {
          "schema_version": 0,
          "attributes": {
            "account_id": "reaper",
            "display_name": "reaper",
            "email": "reaper@open-match-build.iam.gserviceaccount.com",
            "id": "projects/open-match-build/serviceAccounts/reaper@open-match-build.iam.gserviceaccount.com",
            "name": "projects/open-match-build/serviceAccounts/reaper@open-match-build.iam.gserviceaccount.com",
            "policy_data": null,
            "project": "open-match-build",
            "unique_id": "117772540544511003678"
          },
          "private": "bnVsbA=="
        }
      ]
    },
    {
      "mode": "managed",
      "type": "google_service_account",
      "name": "stress_test_uploader",
      "provider": "provider.google",
      "instances": [
        {
          "schema_version": 0,
          "attributes": {
            "account_id": "stress-test-uploader",
            "display_name": "stress-test-uploader",
            "email": "stress-test-uploader@open-match-build.iam.gserviceaccount.com",
            "id": "projects/open-match-build/serviceAccounts/stress-test-uploader@open-match-build.iam.gserviceaccount.com",
            "name": "projects/open-match-build/serviceAccounts/stress-test-uploader@open-match-build.iam.gserviceaccount.com",
            "policy_data": null,
            "project": "open-match-build",
            "unique_id": "112733715643149401314"
          },
          "private": "bnVsbA=="
        }
      ]
    },
    {
      "mode": "managed",
      "type": "google_service_account_iam_binding",
      "name": "stress_test_uploader_iam",
      "provider": "provider.google",
      "instances": [
        {
          "schema_version": 0,
          "attributes": {
            "etag": "BwWOnLkR4Ts=",
            "id": "projects/open-match-build/serviceAccounts/stress-test-uploader@open-match-build.iam.gserviceaccount.com/roles/iam.workloadIdentityUser",
            "members": [
              "serviceAccount:open-match-build.svc.id.goog[open-match/stress-test-uploader]"
            ],
            "role": "roles/iam.workloadIdentityUser",
            "service_account_id": "projects/open-match-build/serviceAccounts/stress-test-uploader@open-match-build.iam.gserviceaccount.com"
          },
          "private": "bnVsbA==",
          "depends_on": [
            "google_service_account.stress_test_uploader",
            "null_resource.after_service_account_creation"
          ]
        }
      ]
    },
    {
      "mode": "managed",
      "type": "google_storage_bucket",
      "name": "ci_artifacts",
      "provider": "provider.google",
      "instances": [
        {
          "schema_version": 0,
          "attributes": {
            "bucket_policy_only": false,
            "cors": [],
            "encryption": [],
            "force_destroy": false,
            "id": "artifacts.open-match-build.appspot.com",
            "labels": {},
            "lifecycle_rule": [],
            "location": "US",
            "logging": [],
            "name": "artifacts.open-match-build.appspot.com",
            "predefined_acl": null,
            "project": "open-match-build",
            "requester_pays": false,
            "self_link": "https://www.googleapis.com/storage/v1/b/artifacts.open-match-build.appspot.com",
            "storage_class": "STANDARD",
            "url": "gs://artifacts.open-match-build.appspot.com",
            "versioning": [],
            "website": null
          },
          "private": "eyJzY2hlbWFfdmVyc2lvbiI6IjAifQ=="
        }
      ]
    },
    {
      "mode": "managed",
      "type": "null_resource",
      "name": "after_service_account_creation",
      "provider": "provider.null",
      "instances": [
        {
          "schema_version": 0,
          "attributes": {
            "id": "8479162583625273473",
            "triggers": null
          },
          "depends_on": [
            "null_resource.delay_after_service_account_creation"
          ]
        }
      ]
    },
    {
      "mode": "managed",
      "type": "null_resource",
      "name": "before_service_account_creation",
      "provider": "provider.null",
      "instances": [
        {
          "schema_version": 0,
          "attributes": {
            "id": "7115930437854691294",
            "triggers": null
          },
          "depends_on": [
            "google_service_account.cluster_reaper"
          ]
        }
      ]
    },
    {
      "mode": "managed",
      "type": "null_resource",
      "name": "delay_after_service_account_creation",
      "provider": "provider.null",
      "instances": [
        {
          "schema_version": 0,
          "attributes": {
            "id": "7842531114429703719",
            "triggers": {
              "before": "7115930437854691294"
            }
          },
          "depends_on": [
            "null_resource.before_service_account_creation"
          ]
        }
      ]
    }
  ]
}
