dependencies:
- name: prometheus
  repository: https://kubernetes-charts.storage.googleapis.com/
  version: 8.10.3
- name: redis
  repository: https://kubernetes-charts.storage.googleapis.com/
  version: 7.1.0
- name: grafana
  repository: https://kubernetes-charts.storage.googleapis.com/
  version: 3.3.6
- name: jaeger
  repository: https://kubernetes-charts-incubator.storage.googleapis.com/
  version: 0.10.2
digest: sha256:173085826cf82f6f607ce460197dcb68b6db4fc9806e8634689f707de059bf19
generated: "2019-05-29T09:49:39.401587679-07:00"
