dependencies:
- name: redis
  repository: https://kubernetes-charts.storage.googleapis.com/
  version: 8.0.9
- name: open-match-demo
  repository: file://./subcharts/open-match-demo
  version: 0.0.0-dev
- name: open-match-telemetry
  repository: file://./subcharts/open-match-telemetry
  version: 0.0.0-dev
- name: open-match-customize
  repository: file://./subcharts/open-match-customize
  version: 0.0.0-dev
- name: open-match-test
  repository: file://./subcharts/open-match-test
  version: 0.0.0-dev
digest: sha256:14faae8b59e808749ad29fc675a009daf72a3d0f22bcb7b954ba92660cb60779
generated: "2019-08-02T15:52:25.299281406-07:00"
