dependencies:
- name: open-match-core
  repository: file://./subcharts/open-match-core
  version: 0.0.0-dev
- name: open-match-demo
  repository: file://./subcharts/open-match-demo
  version: 0.0.0-dev
- name: open-match-monitoring
  repository: file://./subcharts/open-match-monitoring
  version: 0.0.0-dev
- name: open-match-customize
  repository: file://./subcharts/open-match-customize
  version: 0.0.0-dev
- name: open-match-test
  repository: file://./subcharts/open-match-test
  version: 0.0.0-dev
digest: sha256:751af9738ad1c2314e2c5a6911644b3d4bb349af6584d2416de5210acdfabe5e
generated: "2019-07-15T12:03:55.291767369-07:00"
