
Microsoft Visual Studio Solution File, Format Version 12.00
Project("{FAE04EC0-301F-11D3-BF4B-00C04F79EFBC}") = "Logic", "Logic\Logic.csproj", "{1EF89BE7-709C-420A-9FDE-6AED2D0FBF2E}"
EndProject
Project("{FAE04EC0-301F-11D3-BF4B-00C04F79EFBC}") = "Data", "Data\Data.csproj", "{0687300A-A514-43FE-924C-29E9203EBD50}"
EndProject
Global
	GlobalSection(SolutionConfigurationPlatforms) = preSolution
		Debug|Any CPU = Debug|Any CPU
		Release|Any CPU = Release|Any CPU
	EndGlobalSection
	GlobalSection(ProjectConfigurationPlatforms) = postSolution
		{1EF89BE7-709C-420A-9FDE-6AED2D0FBF2E}.Debug|Any CPU.ActiveCfg = Debug|Any CPU
		{1EF89BE7-709C-420A-9FDE-6AED2D0FBF2E}.Debug|Any CPU.Build.0 = Debug|Any CPU
		{1EF89BE7-709C-420A-9FDE-6AED2D0FBF2E}.Release|Any CPU.ActiveCfg = Release|Any CPU
		{1EF89BE7-709C-420A-9FDE-6AED2D0FBF2E}.Release|Any CPU.Build.0 = Release|Any CPU
		{0687300A-A514-43FE-924C-29E9203EBD50}.Debug|Any CPU.ActiveCfg = Debug|Any CPU
		{0687300A-A514-43FE-924C-29E9203EBD50}.Debug|Any CPU.Build.0 = Debug|Any CPU
		{0687300A-A514-43FE-924C-29E9203EBD50}.Release|Any CPU.ActiveCfg = Release|Any CPU
		{0687300A-A514-43FE-924C-29E9203EBD50}.Release|Any CPU.Build.0 = Release|Any CPU
	EndGlobalSection
EndGlobal
